{
  "name": "hapi-log-viewer",
  "version": "1.0.0",
  "lockfileVersion": 1,
  "requires": true,
  "dependencies": {
    "fs-backwards-stream": {
      "version": "1.0.0",
      "resolved": "https://registry.npmjs.org/fs-backwards-stream/-/fs-backwards-stream-1.0.0.tgz",
      "integrity": "sha512-tOrl5DghJ4A4HftsOIDF9/Inmxl5E05N62L0omedn4as4gzQF1Q1kifumTKOQgrs+xFbKRVzQ+2/ARVceuwEXg==",
      "requires": {
        "through": "~2.3.4"
      }
    },
    "through": {
      "version": "2.3.8",
      "resolved": "https://registry.npmjs.org/through/-/through-2.3.8.tgz",
      "integrity": "sha1-DdTJ/6q8NXlgsbckEV1+Doai4fU="
    }
  }
}
